{
  "name": "JSON",
  "lockfileVersion": 3,
  "requires": true,
  "packages": {
    "": {
      "dependencies": {
        "hoek": "4.3.1"
      }
    },
    "node_modules/hoek": {
      "version": "4.3.1",
      "resolved": "https://registry.npmjs.org/hoek/-/hoek-4.3.1.tgz",
      "integrity": "sha512-v7E+yIjcHECn973i0xHm4kJkEpv3C8sbYS4344WXbzYqRyiDD7rjnnKo4hsJkejQBAFdRMUGNHySeSPKSH9Rqw==",
      "deprecated": "This module has moved and is now available at @hapi/hoek. Please update your dependencies as this version is no longer maintained an may contain bugs and security issues.",
      "engines": {
        "node": ">=6.0.0"
      }
    }
  }
}
